
Microsoft Visual Studio Solution File, Format Version 12.00
# Visual Studio Version 17
VisualStudioVersion = 17.5.001.0
MinimumVisualStudioVersion = 10.0.40219.1
Project("{9A19103F-16F7-4668-BE54-9A1E7A4F7556}") = "dotnet-labo", "dotnet-labo.csproj", "{3C503163-CAE1-4C7A-958C-7681FC6D1121}"
EndProject
Global
	GlobalSection(SolutionConfigurationPlatforms) = preSolution
		Debug|Any CPU = Debug|Any CPU
		Release|Any CPU = Release|Any CPU
	EndGlobalSection
	GlobalSection(ProjectConfigurationPlatforms) = postSolution
		{3C503163-CAE1-4C7A-958C-7681FC6D1121}.Debug|Any CPU.ActiveCfg = Debug|Any CPU
		{3C503163-CAE1-4C7A-958C-7681FC6D1121}.Debug|Any CPU.Build.0 = Debug|Any CPU
		{3C503163-CAE1-4C7A-958C-7681FC6D1121}.Release|Any CPU.ActiveCfg = Release|Any CPU
		{3C503163-CAE1-4C7A-958C-7681FC6D1121}.Release|Any CPU.Build.0 = Release|Any CPU
	EndGlobalSection
	GlobalSection(SolutionProperties) = preSolution
		HideSolutionNode = FALSE
	EndGlobalSection
	GlobalSection(ExtensibilityGlobals) = postSolution
		SolutionGuid = {288CBD97-2F2D-4941-8F16-568960CF008F}
	EndGlobalSection
EndGlobal
